
Microsoft Visual Studio Solution File, Format Version 12.00
# Visual Studio Version 17
VisualStudioVersion = 17.5.33530.505
MinimumVisualStudioVersion = 10.0.40219.1
Project("{FAE04EC0-301F-11D3-BF4B-00C04F79EFBC}") = "OneSoundApp", "OneSoundApp\OneSoundApp.csproj", "{561E2D8C-976D-4700-8296-BDC058F7FBAE}"
EndProject
Global
	GlobalSection(SolutionConfigurationPlatforms) = preSolution
		Debug|Any CPU = Debug|Any CPU
		Release|Any CPU = Release|Any CPU
	EndGlobalSection
	GlobalSection(ProjectConfigurationPlatforms) = postSolution
		{561E2D8C-976D-4700-8296-BDC058F7FBAE}.Debug|Any CPU.ActiveCfg = Debug|Any CPU
		{561E2D8C-976D-4700-8296-BDC058F7FBAE}.Debug|Any CPU.Build.0 = Debug|Any CPU
		{561E2D8C-976D-4700-8296-BDC058F7FBAE}.Release|Any CPU.ActiveCfg = Release|Any CPU
		{561E2D8C-976D-4700-8296-BDC058F7FBAE}.Release|Any CPU.Build.0 = Release|Any CPU
	EndGlobalSection
	GlobalSection(SolutionProperties) = preSolution
		HideSolutionNode = FALSE
	EndGlobalSection
	GlobalSection(ExtensibilityGlobals) = postSolution
		SolutionGuid = {E8F658F9-A6C7-4DDB-8210-D7EAD2268B2B}
	EndGlobalSection
EndGlobal
